
Microsoft Visual Studio Solution File, Format Version 12.00
# Visual Studio 15
VisualStudioVersion = 15.0.27130.0
MinimumVisualStudioVersion = 10.0.40219.1
Project("{FAE04EC0-301F-11D3-BF4B-00C04F79EFBC}") = "Login", "Login\Login.csproj", "{D37A542D-C91A-4541-9AD4-A241933B8258}"
EndProject
Global
	GlobalSection(SolutionConfigurationPlatforms) = preSolution
		Debug|Any CPU = Debug|Any CPU
		Release|Any CPU = Release|Any CPU
	EndGlobalSection
	GlobalSection(ProjectConfigurationPlatforms) = postSolution
		{D37A542D-C91A-4541-9AD4-A241933B8258}.Debug|Any CPU.ActiveCfg = Debug|Any CPU
		{D37A542D-C91A-4541-9AD4-A241933B8258}.Debug|Any CPU.Build.0 = Debug|Any CPU
		{D37A542D-C91A-4541-9AD4-A241933B8258}.Release|Any CPU.ActiveCfg = Release|Any CPU
		{D37A542D-C91A-4541-9AD4-A241933B8258}.Release|Any CPU.Build.0 = Release|Any CPU
	EndGlobalSection
	GlobalSection(SolutionProperties) = preSolution
		HideSolutionNode = FALSE
	EndGlobalSection
	GlobalSection(ExtensibilityGlobals) = postSolution
		SolutionGuid = {0CE6EDEF-233D-4F5C-A427-C92937E4CE42}
	EndGlobalSection
EndGlobal
